
Microsoft Visual Studio Solution File, Format Version 12.00
# Visual Studio 14
VisualStudioVersion = 14.0.25420.1
MinimumVisualStudioVersion = 10.0.40219.1
Project("{FAE04EC0-301F-11D3-BF4B-00C04F79EFBC}") = "Generic-1", "Generic-1\Generic-1.csproj", "{192D227C-08D9-40DF-851D-A22E43459EE2}"
EndProject
Project("{FAE04EC0-301F-11D3-BF4B-00C04F79EFBC}") = "Generic-2", "Generic-2\Generic-2.csproj", "{D8F84EF2-2248-4963-B721-07867D85A765}"
EndProject
Project("{FAE04EC0-301F-11D3-BF4B-00C04F79EFBC}") = "Generic-3", "Generic-3\Generic-3.csproj", "{F64DCB44-070B-4BB5-ADFF-F34208684EBA}"
EndProject
Project("{FAE04EC0-301F-11D3-BF4B-00C04F79EFBC}") = "Generic-4", "Generic-4\Generic-4.csproj", "{3BD8C2D0-1426-4C37-B3D1-83763B953BB7}"
EndProject
Project("{FAE04EC0-301F-11D3-BF4B-00C04F79EFBC}") = "Generic-5", "Generic-5\Generic-5.csproj", "{A96D88C9-E4D2-4B23-84B8-BBA3DCFBF7A8}"
EndProject
Project("{FAE04EC0-301F-11D3-BF4B-00C04F79EFBC}") = "Delegates-1", "Delegates-1\Delegates-1.csproj", "{94A8954C-CB25-4A46-801B-C53E0736386B}"
EndProject
Project("{FAE04EC0-301F-11D3-BF4B-00C04F79EFBC}") = "Delegates-2", "Delegates-2\Delegates-2.csproj", "{83BA4734-BF4D-42BE-90C7-2B091484F4C5}"
EndProject
Project("{FAE04EC0-301F-11D3-BF4B-00C04F79EFBC}") = "Delegates-3", "Delegates-3\Delegates-3.csproj", "{8D831C07-9D78-4DEE-9D29-EFCA62727A8A}"
EndProject
Global
	GlobalSection(SolutionConfigurationPlatforms) = preSolution
		Debug|Any CPU = Debug|Any CPU
		Release|Any CPU = Release|Any CPU
	EndGlobalSection
	GlobalSection(ProjectConfigurationPlatforms) = postSolution
		{192D227C-08D9-40DF-851D-A22E43459EE2}.Debug|Any CPU.ActiveCfg = Debug|Any CPU
		{192D227C-08D9-40DF-851D-A22E43459EE2}.Debug|Any CPU.Build.0 = Debug|Any CPU
		{192D227C-08D9-40DF-851D-A22E43459EE2}.Release|Any CPU.ActiveCfg = Release|Any CPU
		{192D227C-08D9-40DF-851D-A22E43459EE2}.Release|Any CPU.Build.0 = Release|Any CPU
		{D8F84EF2-2248-4963-B721-07867D85A765}.Debug|Any CPU.ActiveCfg = Debug|Any CPU
		{D8F84EF2-2248-4963-B721-07867D85A765}.Debug|Any CPU.Build.0 = Debug|Any CPU
		{D8F84EF2-2248-4963-B721-07867D85A765}.Release|Any CPU.ActiveCfg = Release|Any CPU
		{D8F84EF2-2248-4963-B721-07867D85A765}.Release|Any CPU.Build.0 = Release|Any CPU
		{F64DCB44-070B-4BB5-ADFF-F34208684EBA}.Debug|Any CPU.ActiveCfg = Debug|Any CPU
		{F64DCB44-070B-4BB5-ADFF-F34208684EBA}.Debug|Any CPU.Build.0 = Debug|Any CPU
		{F64DCB44-070B-4BB5-ADFF-F34208684EBA}.Release|Any CPU.ActiveCfg = Release|Any CPU
		{F64DCB44-070B-4BB5-ADFF-F34208684EBA}.Release|Any CPU.Build.0 = Release|Any CPU
		{3BD8C2D0-1426-4C37-B3D1-83763B953BB7}.Debug|Any CPU.ActiveCfg = Debug|Any CPU
		{3BD8C2D0-1426-4C37-B3D1-83763B953BB7}.Debug|Any CPU.Build.0 = Debug|Any CPU
		{3BD8C2D0-1426-4C37-B3D1-83763B953BB7}.Release|Any CPU.ActiveCfg = Release|Any CPU
		{3BD8C2D0-1426-4C37-B3D1-83763B953BB7}.Release|Any CPU.Build.0 = Release|Any CPU
		{A96D88C9-E4D2-4B23-84B8-BBA3DCFBF7A8}.Debug|Any CPU.ActiveCfg = Debug|Any CPU
		{A96D88C9-E4D2-4B23-84B8-BBA3DCFBF7A8}.Debug|Any CPU.Build.0 = Debug|Any CPU
		{A96D88C9-E4D2-4B23-84B8-BBA3DCFBF7A8}.Release|Any CPU.ActiveCfg = Release|Any CPU
		{A96D88C9-E4D2-4B23-84B8-BBA3DCFBF7A8}.Release|Any CPU.Build.0 = Release|Any CPU
		{94A8954C-CB25-4A46-801B-C53E0736386B}.Debug|Any CPU.ActiveCfg = Debug|Any CPU
		{94A8954C-CB25-4A46-801B-C53E0736386B}.Debug|Any CPU.Build.0 = Debug|Any CPU
		{94A8954C-CB25-4A46-801B-C53E0736386B}.Release|Any CPU.ActiveCfg = Release|Any CPU
		{94A8954C-CB25-4A46-801B-C53E0736386B}.Release|Any CPU.Build.0 = Release|Any CPU
		{83BA4734-BF4D-42BE-90C7-2B091484F4C5}.Debug|Any CPU.ActiveCfg = Debug|Any CPU
		{83BA4734-BF4D-42BE-90C7-2B091484F4C5}.Debug|Any CPU.Build.0 = Debug|Any CPU
		{83BA4734-BF4D-42BE-90C7-2B091484F4C5}.Release|Any CPU.ActiveCfg = Release|Any CPU
		{83BA4734-BF4D-42BE-90C7-2B091484F4C5}.Release|Any CPU.Build.0 = Release|Any CPU
		{8D831C07-9D78-4DEE-9D29-EFCA62727A8A}.Debug|Any CPU.ActiveCfg = Debug|Any CPU
		{8D831C07-9D78-4DEE-9D29-EFCA62727A8A}.Debug|Any CPU.Build.0 = Debug|Any CPU
		{8D831C07-9D78-4DEE-9D29-EFCA62727A8A}.Release|Any CPU.ActiveCfg = Release|Any CPU
		{8D831C07-9D78-4DEE-9D29-EFCA62727A8A}.Release|Any CPU.Build.0 = Release|Any CPU
	EndGlobalSection
	GlobalSection(SolutionProperties) = preSolution
		HideSolutionNode = FALSE
	EndGlobalSection
EndGlobal
