
Microsoft Visual Studio Solution File, Format Version 12.00
# Visual Studio 14
VisualStudioVersion = 14.0.25420.1
MinimumVisualStudioVersion = 10.0.40219.1
Project("{FAE04EC0-301F-11D3-BF4B-00C04F79EFBC}") = "IO", "IO\IO.csproj", "{E59A1ADA-78C6-4949-9E3A-743F6581BEE3}"
EndProject
Project("{FAE04EC0-301F-11D3-BF4B-00C04F79EFBC}") = "IO-2", "IO-2\IO-2.csproj", "{EF15A376-3D2B-4A73-87FB-DE7A4E61B756}"
EndProject
Project("{FAE04EC0-301F-11D3-BF4B-00C04F79EFBC}") = "IO-3", "IO-3\IO-3.csproj", "{D523183C-B749-4263-A797-0B957A2079C9}"
EndProject
Project("{FAE04EC0-301F-11D3-BF4B-00C04F79EFBC}") = "oop-indexers", "oop-indexers\oop-indexers.csproj", "{7FC72844-94A0-49EF-8C7D-7FC07F21672F}"
EndProject
Project("{FAE04EC0-301F-11D3-BF4B-00C04F79EFBC}") = "interface-1", "interface-1\interface-1.csproj", "{FAB2D7E8-4C6C-4AF2-9C70-128368A37AD8}"
EndProject
Project("{FAE04EC0-301F-11D3-BF4B-00C04F79EFBC}") = "IComparable-1", "IComparable-1\IComparable-1.csproj", "{B3D16E19-2D29-4327-8B0A-32A0F424B79B}"
EndProject
Project("{FAE04EC0-301F-11D3-BF4B-00C04F79EFBC}") = "hashTable", "hashTable\hashTable.csproj", "{A9AE1FF2-268E-47C5-B858-B09FB484BB01}"
EndProject
Project("{FAE04EC0-301F-11D3-BF4B-00C04F79EFBC}") = "delegate-practice", "delegate-practice\delegate-practice.csproj", "{66644588-E405-492C-B094-35DF777C6439}"
EndProject
Global
	GlobalSection(SolutionConfigurationPlatforms) = preSolution
		Debug|Any CPU = Debug|Any CPU
		Release|Any CPU = Release|Any CPU
	EndGlobalSection
	GlobalSection(ProjectConfigurationPlatforms) = postSolution
		{E59A1ADA-78C6-4949-9E3A-743F6581BEE3}.Debug|Any CPU.ActiveCfg = Debug|Any CPU
		{E59A1ADA-78C6-4949-9E3A-743F6581BEE3}.Debug|Any CPU.Build.0 = Debug|Any CPU
		{E59A1ADA-78C6-4949-9E3A-743F6581BEE3}.Release|Any CPU.ActiveCfg = Release|Any CPU
		{E59A1ADA-78C6-4949-9E3A-743F6581BEE3}.Release|Any CPU.Build.0 = Release|Any CPU
		{EF15A376-3D2B-4A73-87FB-DE7A4E61B756}.Debug|Any CPU.ActiveCfg = Debug|Any CPU
		{EF15A376-3D2B-4A73-87FB-DE7A4E61B756}.Debug|Any CPU.Build.0 = Debug|Any CPU
		{EF15A376-3D2B-4A73-87FB-DE7A4E61B756}.Release|Any CPU.ActiveCfg = Release|Any CPU
		{EF15A376-3D2B-4A73-87FB-DE7A4E61B756}.Release|Any CPU.Build.0 = Release|Any CPU
		{D523183C-B749-4263-A797-0B957A2079C9}.Debug|Any CPU.ActiveCfg = Debug|Any CPU
		{D523183C-B749-4263-A797-0B957A2079C9}.Debug|Any CPU.Build.0 = Debug|Any CPU
		{D523183C-B749-4263-A797-0B957A2079C9}.Release|Any CPU.ActiveCfg = Release|Any CPU
		{D523183C-B749-4263-A797-0B957A2079C9}.Release|Any CPU.Build.0 = Release|Any CPU
		{7FC72844-94A0-49EF-8C7D-7FC07F21672F}.Debug|Any CPU.ActiveCfg = Debug|Any CPU
		{7FC72844-94A0-49EF-8C7D-7FC07F21672F}.Debug|Any CPU.Build.0 = Debug|Any CPU
		{7FC72844-94A0-49EF-8C7D-7FC07F21672F}.Release|Any CPU.ActiveCfg = Release|Any CPU
		{7FC72844-94A0-49EF-8C7D-7FC07F21672F}.Release|Any CPU.Build.0 = Release|Any CPU
		{FAB2D7E8-4C6C-4AF2-9C70-128368A37AD8}.Debug|Any CPU.ActiveCfg = Debug|Any CPU
		{FAB2D7E8-4C6C-4AF2-9C70-128368A37AD8}.Debug|Any CPU.Build.0 = Debug|Any CPU
		{FAB2D7E8-4C6C-4AF2-9C70-128368A37AD8}.Release|Any CPU.ActiveCfg = Release|Any CPU
		{FAB2D7E8-4C6C-4AF2-9C70-128368A37AD8}.Release|Any CPU.Build.0 = Release|Any CPU
		{B3D16E19-2D29-4327-8B0A-32A0F424B79B}.Debug|Any CPU.ActiveCfg = Debug|Any CPU
		{B3D16E19-2D29-4327-8B0A-32A0F424B79B}.Debug|Any CPU.Build.0 = Debug|Any CPU
		{B3D16E19-2D29-4327-8B0A-32A0F424B79B}.Release|Any CPU.ActiveCfg = Release|Any CPU
		{B3D16E19-2D29-4327-8B0A-32A0F424B79B}.Release|Any CPU.Build.0 = Release|Any CPU
		{A9AE1FF2-268E-47C5-B858-B09FB484BB01}.Debug|Any CPU.ActiveCfg = Debug|Any CPU
		{A9AE1FF2-268E-47C5-B858-B09FB484BB01}.Debug|Any CPU.Build.0 = Debug|Any CPU
		{A9AE1FF2-268E-47C5-B858-B09FB484BB01}.Release|Any CPU.ActiveCfg = Release|Any CPU
		{A9AE1FF2-268E-47C5-B858-B09FB484BB01}.Release|Any CPU.Build.0 = Release|Any CPU
		{66644588-E405-492C-B094-35DF777C6439}.Debug|Any CPU.ActiveCfg = Debug|Any CPU
		{66644588-E405-492C-B094-35DF777C6439}.Debug|Any CPU.Build.0 = Debug|Any CPU
		{66644588-E405-492C-B094-35DF777C6439}.Release|Any CPU.ActiveCfg = Release|Any CPU
		{66644588-E405-492C-B094-35DF777C6439}.Release|Any CPU.Build.0 = Release|Any CPU
	EndGlobalSection
	GlobalSection(SolutionProperties) = preSolution
		HideSolutionNode = FALSE
	EndGlobalSection
EndGlobal
