
Microsoft Visual Studio Solution File, Format Version 12.00
# Visual Studio 14
VisualStudioVersion = 14.0.25420.1
MinimumVisualStudioVersion = 10.0.40219.1
Project("{FAE04EC0-301F-11D3-BF4B-00C04F79EFBC}") = "IO", "IO\IO.csproj", "{E59A1ADA-78C6-4949-9E3A-743F6581BEE3}"
EndProject
Project("{FAE04EC0-301F-11D3-BF4B-00C04F79EFBC}") = "IO-2", "IO-2\IO-2.csproj", "{EF15A376-3D2B-4A73-87FB-DE7A4E61B756}"
EndProject
Project("{FAE04EC0-301F-11D3-BF4B-00C04F79EFBC}") = "IO-3", "IO-3\IO-3.csproj", "{D523183C-B749-4263-A797-0B957A2079C9}"
EndProject
Global
	GlobalSection(SolutionConfigurationPlatforms) = preSolution
		Debug|Any CPU = Debug|Any CPU
		Release|Any CPU = Release|Any CPU
	EndGlobalSection
	GlobalSection(ProjectConfigurationPlatforms) = postSolution
		{E59A1ADA-78C6-4949-9E3A-743F6581BEE3}.Debug|Any CPU.ActiveCfg = Debug|Any CPU
		{E59A1ADA-78C6-4949-9E3A-743F6581BEE3}.Debug|Any CPU.Build.0 = Debug|Any CPU
		{E59A1ADA-78C6-4949-9E3A-743F6581BEE3}.Release|Any CPU.ActiveCfg = Release|Any CPU
		{E59A1ADA-78C6-4949-9E3A-743F6581BEE3}.Release|Any CPU.Build.0 = Release|Any CPU
		{EF15A376-3D2B-4A73-87FB-DE7A4E61B756}.Debug|Any CPU.ActiveCfg = Debug|Any CPU
		{EF15A376-3D2B-4A73-87FB-DE7A4E61B756}.Debug|Any CPU.Build.0 = Debug|Any CPU
		{EF15A376-3D2B-4A73-87FB-DE7A4E61B756}.Release|Any CPU.ActiveCfg = Release|Any CPU
		{EF15A376-3D2B-4A73-87FB-DE7A4E61B756}.Release|Any CPU.Build.0 = Release|Any CPU
		{D523183C-B749-4263-A797-0B957A2079C9}.Debug|Any CPU.ActiveCfg = Debug|Any CPU
		{D523183C-B749-4263-A797-0B957A2079C9}.Debug|Any CPU.Build.0 = Debug|Any CPU
		{D523183C-B749-4263-A797-0B957A2079C9}.Release|Any CPU.ActiveCfg = Release|Any CPU
		{D523183C-B749-4263-A797-0B957A2079C9}.Release|Any CPU.Build.0 = Release|Any CPU
	EndGlobalSection
	GlobalSection(SolutionProperties) = preSolution
		HideSolutionNode = FALSE
	EndGlobalSection
EndGlobal
