
Microsoft Visual Studio Solution File, Format Version 12.00
# Visual Studio 14
VisualStudioVersion = 14.0.25420.1
MinimumVisualStudioVersion = 10.0.40219.1
Project("{FAE04EC0-301F-11D3-BF4B-00C04F79EFBC}") = "Variables", "Variables\Variables.csproj", "{C3C5DBD1-43D9-4D3A-BCF4-2B219CD44BF5}"
EndProject
Project("{FAE04EC0-301F-11D3-BF4B-00C04F79EFBC}") = "Loops", "Loops\Loops.csproj", "{18F552E3-1768-487F-BFC4-2CA26B4E042B}"
EndProject
Project("{FAE04EC0-301F-11D3-BF4B-00C04F79EFBC}") = "addTwoNumber", "addTwoNumber\addTwoNumber.csproj", "{074B5BC7-02EC-46C6-9C5D-D289193093BF}"
EndProject
Project("{FAE04EC0-301F-11D3-BF4B-00C04F79EFBC}") = "Circle", "Circle\Circle.csproj", "{352F8F9C-C8D1-455E-A512-3A97C9A05079}"
EndProject
Project("{FAE04EC0-301F-11D3-BF4B-00C04F79EFBC}") = "addNumbersLoop", "addNumbersLoop\addNumbersLoop.csproj", "{44263B94-EEAE-49F7-8DBA-6BD6BD3AF17E}"
EndProject
Global
	GlobalSection(SolutionConfigurationPlatforms) = preSolution
		Debug|Any CPU = Debug|Any CPU
		Release|Any CPU = Release|Any CPU
	EndGlobalSection
	GlobalSection(ProjectConfigurationPlatforms) = postSolution
		{C3C5DBD1-43D9-4D3A-BCF4-2B219CD44BF5}.Debug|Any CPU.ActiveCfg = Debug|Any CPU
		{C3C5DBD1-43D9-4D3A-BCF4-2B219CD44BF5}.Debug|Any CPU.Build.0 = Debug|Any CPU
		{C3C5DBD1-43D9-4D3A-BCF4-2B219CD44BF5}.Release|Any CPU.ActiveCfg = Release|Any CPU
		{C3C5DBD1-43D9-4D3A-BCF4-2B219CD44BF5}.Release|Any CPU.Build.0 = Release|Any CPU
		{18F552E3-1768-487F-BFC4-2CA26B4E042B}.Debug|Any CPU.ActiveCfg = Debug|Any CPU
		{18F552E3-1768-487F-BFC4-2CA26B4E042B}.Debug|Any CPU.Build.0 = Debug|Any CPU
		{18F552E3-1768-487F-BFC4-2CA26B4E042B}.Release|Any CPU.ActiveCfg = Release|Any CPU
		{18F552E3-1768-487F-BFC4-2CA26B4E042B}.Release|Any CPU.Build.0 = Release|Any CPU
		{074B5BC7-02EC-46C6-9C5D-D289193093BF}.Debug|Any CPU.ActiveCfg = Debug|Any CPU
		{074B5BC7-02EC-46C6-9C5D-D289193093BF}.Debug|Any CPU.Build.0 = Debug|Any CPU
		{074B5BC7-02EC-46C6-9C5D-D289193093BF}.Release|Any CPU.ActiveCfg = Release|Any CPU
		{074B5BC7-02EC-46C6-9C5D-D289193093BF}.Release|Any CPU.Build.0 = Release|Any CPU
		{352F8F9C-C8D1-455E-A512-3A97C9A05079}.Debug|Any CPU.ActiveCfg = Debug|Any CPU
		{352F8F9C-C8D1-455E-A512-3A97C9A05079}.Debug|Any CPU.Build.0 = Debug|Any CPU
		{352F8F9C-C8D1-455E-A512-3A97C9A05079}.Release|Any CPU.ActiveCfg = Release|Any CPU
		{352F8F9C-C8D1-455E-A512-3A97C9A05079}.Release|Any CPU.Build.0 = Release|Any CPU
		{44263B94-EEAE-49F7-8DBA-6BD6BD3AF17E}.Debug|Any CPU.ActiveCfg = Debug|Any CPU
		{44263B94-EEAE-49F7-8DBA-6BD6BD3AF17E}.Debug|Any CPU.Build.0 = Debug|Any CPU
		{44263B94-EEAE-49F7-8DBA-6BD6BD3AF17E}.Release|Any CPU.ActiveCfg = Release|Any CPU
		{44263B94-EEAE-49F7-8DBA-6BD6BD3AF17E}.Release|Any CPU.Build.0 = Release|Any CPU
	EndGlobalSection
	GlobalSection(SolutionProperties) = preSolution
		HideSolutionNode = FALSE
	EndGlobalSection
EndGlobal
