
Microsoft Visual Studio Solution File, Format Version 12.00
# Visual Studio 14
VisualStudioVersion = 14.0.25420.1
MinimumVisualStudioVersion = 10.0.40219.1
Project("{FAE04EC0-301F-11D3-BF4B-00C04F79EFBC}") = "oop", "oop\oop.csproj", "{6E2E5B54-298C-4D22-BD37-E962D7B981AB}"
EndProject
Project("{FAE04EC0-301F-11D3-BF4B-00C04F79EFBC}") = "oop2", "oop2\oop2.csproj", "{5F602BAE-1BD2-4389-8641-E0A3B77552E4}"
EndProject
Project("{FAE04EC0-301F-11D3-BF4B-00C04F79EFBC}") = "inheritance", "inheritance\inheritance.csproj", "{24125A16-23BA-4DEB-BE85-0609EBEA668A}"
EndProject
Project("{FAE04EC0-301F-11D3-BF4B-00C04F79EFBC}") = "oop3", "oop3\oop3.csproj", "{32868651-6573-4BA3-BBEA-590A4B16BAAE}"
EndProject
Project("{FAE04EC0-301F-11D3-BF4B-00C04F79EFBC}") = "oop4", "oop4\oop4.csproj", "{6AE7356C-611B-43EC-9A0E-BEC3A63F65D4}"
EndProject
Project("{FAE04EC0-301F-11D3-BF4B-00C04F79EFBC}") = "oop5", "oop5\oop5.csproj", "{9541EB99-9926-48D5-A1F1-97ABA95A554A}"
EndProject
Global
	GlobalSection(SolutionConfigurationPlatforms) = preSolution
		Debug|Any CPU = Debug|Any CPU
		Release|Any CPU = Release|Any CPU
	EndGlobalSection
	GlobalSection(ProjectConfigurationPlatforms) = postSolution
		{6E2E5B54-298C-4D22-BD37-E962D7B981AB}.Debug|Any CPU.ActiveCfg = Debug|Any CPU
		{6E2E5B54-298C-4D22-BD37-E962D7B981AB}.Debug|Any CPU.Build.0 = Debug|Any CPU
		{6E2E5B54-298C-4D22-BD37-E962D7B981AB}.Release|Any CPU.ActiveCfg = Release|Any CPU
		{6E2E5B54-298C-4D22-BD37-E962D7B981AB}.Release|Any CPU.Build.0 = Release|Any CPU
		{5F602BAE-1BD2-4389-8641-E0A3B77552E4}.Debug|Any CPU.ActiveCfg = Debug|Any CPU
		{5F602BAE-1BD2-4389-8641-E0A3B77552E4}.Debug|Any CPU.Build.0 = Debug|Any CPU
		{5F602BAE-1BD2-4389-8641-E0A3B77552E4}.Release|Any CPU.ActiveCfg = Release|Any CPU
		{5F602BAE-1BD2-4389-8641-E0A3B77552E4}.Release|Any CPU.Build.0 = Release|Any CPU
		{24125A16-23BA-4DEB-BE85-0609EBEA668A}.Debug|Any CPU.ActiveCfg = Debug|Any CPU
		{24125A16-23BA-4DEB-BE85-0609EBEA668A}.Debug|Any CPU.Build.0 = Debug|Any CPU
		{24125A16-23BA-4DEB-BE85-0609EBEA668A}.Release|Any CPU.ActiveCfg = Release|Any CPU
		{24125A16-23BA-4DEB-BE85-0609EBEA668A}.Release|Any CPU.Build.0 = Release|Any CPU
		{32868651-6573-4BA3-BBEA-590A4B16BAAE}.Debug|Any CPU.ActiveCfg = Debug|Any CPU
		{32868651-6573-4BA3-BBEA-590A4B16BAAE}.Debug|Any CPU.Build.0 = Debug|Any CPU
		{32868651-6573-4BA3-BBEA-590A4B16BAAE}.Release|Any CPU.ActiveCfg = Release|Any CPU
		{32868651-6573-4BA3-BBEA-590A4B16BAAE}.Release|Any CPU.Build.0 = Release|Any CPU
		{6AE7356C-611B-43EC-9A0E-BEC3A63F65D4}.Debug|Any CPU.ActiveCfg = Debug|Any CPU
		{6AE7356C-611B-43EC-9A0E-BEC3A63F65D4}.Debug|Any CPU.Build.0 = Debug|Any CPU
		{6AE7356C-611B-43EC-9A0E-BEC3A63F65D4}.Release|Any CPU.ActiveCfg = Release|Any CPU
		{6AE7356C-611B-43EC-9A0E-BEC3A63F65D4}.Release|Any CPU.Build.0 = Release|Any CPU
		{9541EB99-9926-48D5-A1F1-97ABA95A554A}.Debug|Any CPU.ActiveCfg = Debug|Any CPU
		{9541EB99-9926-48D5-A1F1-97ABA95A554A}.Debug|Any CPU.Build.0 = Debug|Any CPU
		{9541EB99-9926-48D5-A1F1-97ABA95A554A}.Release|Any CPU.ActiveCfg = Release|Any CPU
		{9541EB99-9926-48D5-A1F1-97ABA95A554A}.Release|Any CPU.Build.0 = Release|Any CPU
	EndGlobalSection
	GlobalSection(SolutionProperties) = preSolution
		HideSolutionNode = FALSE
	EndGlobalSection
EndGlobal
