
Microsoft Visual Studio Solution File, Format Version 12.00
# Visual Studio 14
VisualStudioVersion = 14.0.25420.1
MinimumVisualStudioVersion = 10.0.40219.1
Project("{FAE04EC0-301F-11D3-BF4B-00C04F79EFBC}") = "arrays", "arrays\arrays.csproj", "{5DBB194F-5830-4039-8B30-7BF6FA2B5EB2}"
EndProject
Project("{FAE04EC0-301F-11D3-BF4B-00C04F79EFBC}") = "switchcase", "switchcase\switchcase.csproj", "{6E0F9F82-2916-4BDA-9DBB-19B64614AD9F}"
EndProject
Project("{FAE04EC0-301F-11D3-BF4B-00C04F79EFBC}") = "numberguessinggame", "numberguessinggame\numberguessinggame.csproj", "{0298FA60-EF79-4A4E-A150-4057BC8BB0E4}"
EndProject
Project("{FAE04EC0-301F-11D3-BF4B-00C04F79EFBC}") = "arrays2", "arrays2\arrays2.csproj", "{26FFAAEF-B0D3-43D3-BBEE-D3F8B5051857}"
EndProject
Project("{FAE04EC0-301F-11D3-BF4B-00C04F79EFBC}") = "arrays3", "arrays3\arrays3.csproj", "{5B51BF76-4D15-4315-B1E7-DB61F7422AED}"
EndProject
Project("{FAE04EC0-301F-11D3-BF4B-00C04F79EFBC}") = "arraystring", "arraystring\arraystring.csproj", "{4EE84F5C-D113-474A-8CEC-B71A6F163FE0}"
EndProject
Project("{FAE04EC0-301F-11D3-BF4B-00C04F79EFBC}") = "functions", "functions\functions.csproj", "{7E3F1690-0EBC-445C-B19A-2044463C6B1C}"
EndProject
Project("{FAE04EC0-301F-11D3-BF4B-00C04F79EFBC}") = "practice", "practice\practice.csproj", "{1B3F6869-0BF8-4E28-834E-5791E836DAD3}"
EndProject
Global
	GlobalSection(SolutionConfigurationPlatforms) = preSolution
		Debug|Any CPU = Debug|Any CPU
		Release|Any CPU = Release|Any CPU
	EndGlobalSection
	GlobalSection(ProjectConfigurationPlatforms) = postSolution
		{5DBB194F-5830-4039-8B30-7BF6FA2B5EB2}.Debug|Any CPU.ActiveCfg = Debug|Any CPU
		{5DBB194F-5830-4039-8B30-7BF6FA2B5EB2}.Debug|Any CPU.Build.0 = Debug|Any CPU
		{5DBB194F-5830-4039-8B30-7BF6FA2B5EB2}.Release|Any CPU.ActiveCfg = Release|Any CPU
		{5DBB194F-5830-4039-8B30-7BF6FA2B5EB2}.Release|Any CPU.Build.0 = Release|Any CPU
		{6E0F9F82-2916-4BDA-9DBB-19B64614AD9F}.Debug|Any CPU.ActiveCfg = Debug|Any CPU
		{6E0F9F82-2916-4BDA-9DBB-19B64614AD9F}.Debug|Any CPU.Build.0 = Debug|Any CPU
		{6E0F9F82-2916-4BDA-9DBB-19B64614AD9F}.Release|Any CPU.ActiveCfg = Release|Any CPU
		{6E0F9F82-2916-4BDA-9DBB-19B64614AD9F}.Release|Any CPU.Build.0 = Release|Any CPU
		{0298FA60-EF79-4A4E-A150-4057BC8BB0E4}.Debug|Any CPU.ActiveCfg = Debug|Any CPU
		{0298FA60-EF79-4A4E-A150-4057BC8BB0E4}.Debug|Any CPU.Build.0 = Debug|Any CPU
		{0298FA60-EF79-4A4E-A150-4057BC8BB0E4}.Release|Any CPU.ActiveCfg = Release|Any CPU
		{0298FA60-EF79-4A4E-A150-4057BC8BB0E4}.Release|Any CPU.Build.0 = Release|Any CPU
		{26FFAAEF-B0D3-43D3-BBEE-D3F8B5051857}.Debug|Any CPU.ActiveCfg = Debug|Any CPU
		{26FFAAEF-B0D3-43D3-BBEE-D3F8B5051857}.Debug|Any CPU.Build.0 = Debug|Any CPU
		{26FFAAEF-B0D3-43D3-BBEE-D3F8B5051857}.Release|Any CPU.ActiveCfg = Release|Any CPU
		{26FFAAEF-B0D3-43D3-BBEE-D3F8B5051857}.Release|Any CPU.Build.0 = Release|Any CPU
		{5B51BF76-4D15-4315-B1E7-DB61F7422AED}.Debug|Any CPU.ActiveCfg = Debug|Any CPU
		{5B51BF76-4D15-4315-B1E7-DB61F7422AED}.Debug|Any CPU.Build.0 = Debug|Any CPU
		{5B51BF76-4D15-4315-B1E7-DB61F7422AED}.Release|Any CPU.ActiveCfg = Release|Any CPU
		{5B51BF76-4D15-4315-B1E7-DB61F7422AED}.Release|Any CPU.Build.0 = Release|Any CPU
		{4EE84F5C-D113-474A-8CEC-B71A6F163FE0}.Debug|Any CPU.ActiveCfg = Debug|Any CPU
		{4EE84F5C-D113-474A-8CEC-B71A6F163FE0}.Debug|Any CPU.Build.0 = Debug|Any CPU
		{4EE84F5C-D113-474A-8CEC-B71A6F163FE0}.Release|Any CPU.ActiveCfg = Release|Any CPU
		{4EE84F5C-D113-474A-8CEC-B71A6F163FE0}.Release|Any CPU.Build.0 = Release|Any CPU
		{7E3F1690-0EBC-445C-B19A-2044463C6B1C}.Debug|Any CPU.ActiveCfg = Debug|Any CPU
		{7E3F1690-0EBC-445C-B19A-2044463C6B1C}.Debug|Any CPU.Build.0 = Debug|Any CPU
		{7E3F1690-0EBC-445C-B19A-2044463C6B1C}.Release|Any CPU.ActiveCfg = Release|Any CPU
		{7E3F1690-0EBC-445C-B19A-2044463C6B1C}.Release|Any CPU.Build.0 = Release|Any CPU
		{1B3F6869-0BF8-4E28-834E-5791E836DAD3}.Debug|Any CPU.ActiveCfg = Debug|Any CPU
		{1B3F6869-0BF8-4E28-834E-5791E836DAD3}.Debug|Any CPU.Build.0 = Debug|Any CPU
		{1B3F6869-0BF8-4E28-834E-5791E836DAD3}.Release|Any CPU.ActiveCfg = Release|Any CPU
		{1B3F6869-0BF8-4E28-834E-5791E836DAD3}.Release|Any CPU.Build.0 = Release|Any CPU
	EndGlobalSection
	GlobalSection(SolutionProperties) = preSolution
		HideSolutionNode = FALSE
	EndGlobalSection
EndGlobal
