
Microsoft Visual Studio Solution File, Format Version 12.00
# Visual Studio 14
VisualStudioVersion = 14.0.25420.1
MinimumVisualStudioVersion = 10.0.40219.1
Project("{FAE04EC0-301F-11D3-BF4B-00C04F79EFBC}") = "oop", "oop\oop.csproj", "{9DF988DA-5F5F-4B88-BBDF-072DA9259A1D}"
EndProject
Project("{FAE04EC0-301F-11D3-BF4B-00C04F79EFBC}") = "stringpractice", "stringpractice\stringpractice.csproj", "{2A2F7B46-1B91-4A59-8E5B-E86E6BD7E9FF}"
EndProject
Project("{FAE04EC0-301F-11D3-BF4B-00C04F79EFBC}") = "propertiesIntro", "propertiesIntro\propertiesIntro.csproj", "{39A212EA-1E18-4C93-B115-3018F0427268}"
EndProject
Project("{FAE04EC0-301F-11D3-BF4B-00C04F79EFBC}") = "oop2", "oop2\oop2.csproj", "{C22637BA-BA83-4C57-8952-33C80A01DAED}"
EndProject
Project("{FAE04EC0-301F-11D3-BF4B-00C04F79EFBC}") = "oop3", "oop3\oop3.csproj", "{B37FA1BA-A602-4FF9-9CE5-7057446E6135}"
EndProject
Global
	GlobalSection(SolutionConfigurationPlatforms) = preSolution
		Debug|Any CPU = Debug|Any CPU
		Release|Any CPU = Release|Any CPU
	EndGlobalSection
	GlobalSection(ProjectConfigurationPlatforms) = postSolution
		{9DF988DA-5F5F-4B88-BBDF-072DA9259A1D}.Debug|Any CPU.ActiveCfg = Debug|Any CPU
		{9DF988DA-5F5F-4B88-BBDF-072DA9259A1D}.Debug|Any CPU.Build.0 = Debug|Any CPU
		{9DF988DA-5F5F-4B88-BBDF-072DA9259A1D}.Release|Any CPU.ActiveCfg = Release|Any CPU
		{9DF988DA-5F5F-4B88-BBDF-072DA9259A1D}.Release|Any CPU.Build.0 = Release|Any CPU
		{2A2F7B46-1B91-4A59-8E5B-E86E6BD7E9FF}.Debug|Any CPU.ActiveCfg = Debug|Any CPU
		{2A2F7B46-1B91-4A59-8E5B-E86E6BD7E9FF}.Debug|Any CPU.Build.0 = Debug|Any CPU
		{2A2F7B46-1B91-4A59-8E5B-E86E6BD7E9FF}.Release|Any CPU.ActiveCfg = Release|Any CPU
		{2A2F7B46-1B91-4A59-8E5B-E86E6BD7E9FF}.Release|Any CPU.Build.0 = Release|Any CPU
		{39A212EA-1E18-4C93-B115-3018F0427268}.Debug|Any CPU.ActiveCfg = Debug|Any CPU
		{39A212EA-1E18-4C93-B115-3018F0427268}.Debug|Any CPU.Build.0 = Debug|Any CPU
		{39A212EA-1E18-4C93-B115-3018F0427268}.Release|Any CPU.ActiveCfg = Release|Any CPU
		{39A212EA-1E18-4C93-B115-3018F0427268}.Release|Any CPU.Build.0 = Release|Any CPU
		{C22637BA-BA83-4C57-8952-33C80A01DAED}.Debug|Any CPU.ActiveCfg = Debug|Any CPU
		{C22637BA-BA83-4C57-8952-33C80A01DAED}.Debug|Any CPU.Build.0 = Debug|Any CPU
		{C22637BA-BA83-4C57-8952-33C80A01DAED}.Release|Any CPU.ActiveCfg = Release|Any CPU
		{C22637BA-BA83-4C57-8952-33C80A01DAED}.Release|Any CPU.Build.0 = Release|Any CPU
		{B37FA1BA-A602-4FF9-9CE5-7057446E6135}.Debug|Any CPU.ActiveCfg = Debug|Any CPU
		{B37FA1BA-A602-4FF9-9CE5-7057446E6135}.Debug|Any CPU.Build.0 = Debug|Any CPU
		{B37FA1BA-A602-4FF9-9CE5-7057446E6135}.Release|Any CPU.ActiveCfg = Release|Any CPU
		{B37FA1BA-A602-4FF9-9CE5-7057446E6135}.Release|Any CPU.Build.0 = Release|Any CPU
	EndGlobalSection
	GlobalSection(SolutionProperties) = preSolution
		HideSolutionNode = FALSE
	EndGlobalSection
EndGlobal
